<?xml version="1.0" encoding="utf-8"?>
<Project ToolsVersion="4.0" xmlns="http://schemas.microsoft.com/developer/msbuild/2003">
  <ItemGroup>
    <Filter Include="Source Files">
      <UniqueIdentifier>{4FC737F1-C7A5-4376-A066-2A32D752A2FF}</UniqueIdentifier>
      <Extensions>cpp;c;cc;cxx;c++;cppm;ixx;def;odl;idl;hpj;bat;asm;asmx</Extensions>
    </Filter>
    <Filter Include="Header Files">
      <UniqueIdentifier>{93995380-89BD-4b04-88EB-625FBE52EBFB}</UniqueIdentifier>
      <Extensions>h;hh;hpp;hxx;h++;hm;inl;inc;ipp;xsd</Extensions>
    </Filter>
    <Filter Include="Resource Files">
      <UniqueIdentifier>{67DA6AB6-F800-4c08-8B7A-83BB121AAD01}</UniqueIdentifier>
      <Extensions>rc;ico;cur;bmp;dlg;rc2;rct;bin;rgs;gif;jpg;jpeg;jpe;resx;tiff;tif;png;wav;mfcribbon-ms</Extensions>
    </Filter>
    <Filter Include="Source Files\io">
      <UniqueIdentifier>{ae18766f-4083-47d2-ba94-e899692c44f5}</UniqueIdentifier>
    </Filter>
    <Filter Include="Source Files\util">
      <UniqueIdentifier>{a9d07e05-3075-4044-ab3a-c425f673d581}</UniqueIdentifier>
    </Filter>
    <Filter Include="Source Files\util\lib">
      <UniqueIdentifier>{b6ea30a5-729a-4343-9caa-cc9ecc5553c9}</UniqueIdentifier>
    </Filter>
    <Filter Include="Source Files\util\wren">
      <UniqueIdentifier>{d20a0673-2541-493d-94c9-9d1e209eab58}</UniqueIdentifier>
    </Filter>
    <Filter Include="Source Files\rendering">
      <UniqueIdentifier>{a7ef61fc-41cd-4299-ae3f-d8a791a755a2}</UniqueIdentifier>
    </Filter>
  </ItemGroup>
  <ItemGroup>
    <ClCompile Include="src\main.cpp">
      <Filter>Source Files</Filter>
    </ClCompile>
    <ClCompile Include="src\util\Color.cpp">
      <Filter>Source Files\util</Filter>
    </ClCompile>
    <ClCompile Include="src\util\Comparators.cpp">
      <Filter>Source Files\util</Filter>
    </ClCompile>
    <ClCompile Include="src\util\Octree.cpp">
      <Filter>Source Files\util</Filter>
    </ClCompile>
    <ClCompile Include="src\util\wren\wren_compiler.c">
      <Filter>Source Files\util\wren</Filter>
    </ClCompile>
    <ClCompile Include="src\util\wren\wren_core.c">
      <Filter>Source Files\util\wren</Filter>
    </ClCompile>
    <ClCompile Include="src\util\wren\wren_debug.c">
      <Filter>Source Files\util\wren</Filter>
    </ClCompile>
    <ClCompile Include="src\util\wren\wren_primitive.c">
      <Filter>Source Files\util\wren</Filter>
    </ClCompile>
    <ClCompile Include="src\util\wren\wren_utils.c">
      <Filter>Source Files\util\wren</Filter>
    </ClCompile>
    <ClCompile Include="src\util\wren\wren_value.c">
      <Filter>Source Files\util\wren</Filter>
    </ClCompile>
    <ClCompile Include="src\util\wren\wren_vm.c">
      <Filter>Source Files\util\wren</Filter>
    </ClCompile>
    <ClCompile Include="src\util\lib\glad.c">
      <Filter>Source Files\util\lib</Filter>
    </ClCompile>
    <ClCompile Include="src\util\lib\stb_image.cpp">
      <Filter>Source Files\util\lib</Filter>
    </ClCompile>
    <ClCompile Include="src\io\JSON.cpp">
      <Filter>Source Files\io</Filter>
    </ClCompile>
    <ClCompile Include="src\io\WREN.cpp">
      <Filter>Source Files\io</Filter>
    </ClCompile>
    <ClCompile Include="src\io\Error.cpp">
      <Filter>Source Files\io</Filter>
    </ClCompile>
    <ClCompile Include="src\io\FileIO.cpp">
      <Filter>Source Files\io</Filter>
    </ClCompile>
    <ClCompile Include="src\rendering\Model.cpp">
      <Filter>Source Files\rendering</Filter>
    </ClCompile>
    <ClCompile Include="src\rendering\Shader.cpp">
      <Filter>Source Files\rendering</Filter>
    </ClCompile>
    <ClCompile Include="src\rendering\Loader.cpp">
      <Filter>Source Files\rendering</Filter>
    </ClCompile>
  </ItemGroup>
  <ItemGroup>
    <ClInclude Include="src\util\Color.hpp">
      <Filter>Source Files\util</Filter>
    </ClInclude>
    <ClInclude Include="src\util\Comparators.hpp">
      <Filter>Source Files\util</Filter>
    </ClInclude>
    <ClInclude Include="src\util\Octree.hpp">
      <Filter>Source Files\util</Filter>
    </ClInclude>
    <ClInclude Include="src\util\Utility.hpp">
      <Filter>Source Files\util</Filter>
    </ClInclude>
    <ClInclude Include="src\util\wren\wren_common.h">
      <Filter>Source Files\util\wren</Filter>
    </ClInclude>
    <ClInclude Include="src\util\wren\wren_compiler.h">
      <Filter>Source Files\util\wren</Filter>
    </ClInclude>
    <ClInclude Include="src\util\wren\wren_core.h">
      <Filter>Source Files\util\wren</Filter>
    </ClInclude>
    <ClInclude Include="src\util\wren\wren_debug.h">
      <Filter>Source Files\util\wren</Filter>
    </ClInclude>
    <ClInclude Include="src\util\wren\wren_math.h">
      <Filter>Source Files\util\wren</Filter>
    </ClInclude>
    <ClInclude Include="src\util\wren\wren_opcodes.h">
      <Filter>Source Files\util\wren</Filter>
    </ClInclude>
    <ClInclude Include="src\util\wren\wren_primitive.h">
      <Filter>Source Files\util\wren</Filter>
    </ClInclude>
    <ClInclude Include="src\util\wren\wren_utils.h">
      <Filter>Source Files\util\wren</Filter>
    </ClInclude>
    <ClInclude Include="src\util\wren\wren_value.h">
      <Filter>Source Files\util\wren</Filter>
    </ClInclude>
    <ClInclude Include="src\util\wren\wren_vm.h">
      <Filter>Source Files\util\wren</Filter>
    </ClInclude>
    <ClInclude Include="src\io\FileIO.hpp">
      <Filter>Source Files\io</Filter>
    </ClInclude>
    <ClInclude Include="src\io\JSON.hpp">
      <Filter>Source Files\io</Filter>
    </ClInclude>
    <ClInclude Include="src\io\WREN.hpp">
      <Filter>Source Files\io</Filter>
    </ClInclude>
    <ClInclude Include="src\io\Error.hpp">
      <Filter>Source Files\io</Filter>
    </ClInclude>
    <ClInclude Include="src\rendering\Model.hpp">
      <Filter>Source Files\rendering</Filter>
    </ClInclude>
    <ClInclude Include="src\rendering\Shader.hpp">
      <Filter>Source Files\rendering</Filter>
    </ClInclude>
    <ClInclude Include="src\rendering\Loader.hpp">
      <Filter>Source Files\rendering</Filter>
    </ClInclude>
  </ItemGroup>
  <ItemGroup>
    <None Include="src\util\wren\wren_core.wren.inc">
      <Filter>Source Files\util\wren</Filter>
    </None>
  </ItemGroup>
</Project>